<?xml version="1.0" encoding="utf-8"?>
<Project ToolsVersion="4.0" xmlns="http://schemas.microsoft.com/developer/msbuild/2003">
  <ItemGroup>
    <Filter Include="源文件">
      <UniqueIdentifier>{4FC737F1-C7A5-4376-A066-2A32D752A2FF}</UniqueIdentifier>
      <Extensions>cpp;c;cc;cxx;c++;cppm;ixx;def;odl;idl;hpj;bat;asm;asmx</Extensions>
    </Filter>
    <Filter Include="头文件">
      <UniqueIdentifier>{93995380-89BD-4b04-88EB-625FBE52EBFB}</UniqueIdentifier>
      <Extensions>h;hh;hpp;hxx;h++;hm;inl;inc;ipp;xsd</Extensions>
    </Filter>
    <Filter Include="资源文件">
      <UniqueIdentifier>{67DA6AB6-F800-4c08-8B7A-83BB121AAD01}</UniqueIdentifier>
      <Extensions>rc;ico;cur;bmp;dlg;rc2;rct;bin;rgs;gif;jpg;jpeg;jpe;resx;tiff;tif;png;wav;mfcribbon-ms</Extensions>
    </Filter>
  </ItemGroup>
  <ItemGroup>
    <ClCompile Include="..\..\core\Actor.cpp">
      <Filter>源文件</Filter>
    </ClCompile>
    <ClCompile Include="..\..\core\Animation.cpp">
      <Filter>源文件</Filter>
    </ClCompile>
    <ClCompile Include="..\..\core\Arena.cpp">
      <Filter>源文件</Filter>
    </ClCompile>
    <ClCompile Include="..\..\core\AudioSuite.cpp">
      <Filter>源文件</Filter>
    </ClCompile>
    <ClCompile Include="..\..\core\BlockGroup.cpp">
      <Filter>源文件</Filter>
    </ClCompile>
    <ClCompile Include="..\..\core\BlockMoveTracker.cpp">
      <Filter>源文件</Filter>
    </ClCompile>
    <ClCompile Include="..\..\core\BrickPool.cpp">
      <Filter>源文件</Filter>
    </ClCompile>
    <ClCompile Include="..\..\core\Button.cpp">
      <Filter>源文件</Filter>
    </ClCompile>
    <ClCompile Include="..\..\core\ConstDef.cpp">
      <Filter>源文件</Filter>
    </ClCompile>
    <ClCompile Include="..\..\core\Control.cpp">
      <Filter>源文件</Filter>
    </ClCompile>
    <ClCompile Include="..\..\core\DebugTrace.cpp">
      <Filter>源文件</Filter>
    </ClCompile>
    <ClCompile Include="..\..\core\EventQueue.cpp">
      <Filter>源文件</Filter>
    </ClCompile>
    <ClCompile Include="..\..\core\FadeTracker.cpp">
      <Filter>源文件</Filter>
    </ClCompile>
    <ClCompile Include="..\..\core\Label.cpp">
      <Filter>源文件</Filter>
    </ClCompile>
    <ClCompile Include="..\..\core\main.cpp">
      <Filter>源文件</Filter>
    </ClCompile>
    <ClCompile Include="..\..\core\Material.cpp">
      <Filter>源文件</Filter>
    </ClCompile>
    <ClCompile Include="..\..\core\Panel.cpp">
      <Filter>源文件</Filter>
    </ClCompile>
    <ClCompile Include="..\..\core\PhotoCarousel.cpp">
      <Filter>源文件</Filter>
    </ClCompile>
    <ClCompile Include="..\..\core\Screen.cpp">
      <Filter>源文件</Filter>
    </ClCompile>
    <ClCompile Include="..\..\core\Timer.cpp">
      <Filter>源文件</Filter>
    </ClCompile>
    <ClCompile Include="..\..\core\TinyFS.cpp">
      <Filter>源文件</Filter>
    </ClCompile>
    <ClCompile Include="..\..\core\Dialog.cpp">
      <Filter>源文件</Filter>
    </ClCompile>
    <ClCompile Include="..\..\core\MusicCarousel.cpp">
      <Filter>源文件</Filter>
    </ClCompile>
  </ItemGroup>
  <ItemGroup>
    <ClInclude Include="..\..\core\Actor.h">
      <Filter>头文件</Filter>
    </ClInclude>
    <ClInclude Include="..\..\core\Animation.h">
      <Filter>头文件</Filter>
    </ClInclude>
    <ClInclude Include="..\..\core\Arena.h">
      <Filter>头文件</Filter>
    </ClInclude>
    <ClInclude Include="..\..\core\AudioSuite.h">
      <Filter>头文件</Filter>
    </ClInclude>
    <ClInclude Include="..\..\core\BlockGroup.h">
      <Filter>头文件</Filter>
    </ClInclude>
    <ClInclude Include="..\..\core\BlockMoveTracker.h">
      <Filter>头文件</Filter>
    </ClInclude>
    <ClInclude Include="..\..\core\BrickPool.h">
      <Filter>头文件</Filter>
    </ClInclude>
    <ClInclude Include="..\..\core\Button.h">
      <Filter>头文件</Filter>
    </ClInclude>
    <ClInclude Include="..\..\core\ConstDef.h">
      <Filter>头文件</Filter>
    </ClInclude>
    <ClInclude Include="..\..\core\Control.h">
      <Filter>头文件</Filter>
    </ClInclude>
    <ClInclude Include="..\..\core\DebugTrace.h">
      <Filter>头文件</Filter>
    </ClInclude>
    <ClInclude Include="..\..\core\EventQueue.h">
      <Filter>头文件</Filter>
    </ClInclude>
    <ClInclude Include="..\..\core\FadeTracker.h">
      <Filter>头文件</Filter>
    </ClInclude>
    <ClInclude Include="..\..\core\Label.h">
      <Filter>头文件</Filter>
    </ClInclude>
    <ClInclude Include="..\..\core\Material.h">
      <Filter>头文件</Filter>
    </ClInclude>
    <ClInclude Include="..\..\core\Panel.h">
      <Filter>头文件</Filter>
    </ClInclude>
    <ClInclude Include="..\..\core\PhotoCarousel.h">
      <Filter>头文件</Filter>
    </ClInclude>
    <ClInclude Include="..\..\core\Screen.h">
      <Filter>头文件</Filter>
    </ClInclude>
    <ClInclude Include="..\..\core\StateMachine.h">
      <Filter>头文件</Filter>
    </ClInclude>
    <ClInclude Include="..\..\core\Timer.h">
      <Filter>头文件</Filter>
    </ClInclude>
    <ClInclude Include="..\..\core\TinyFS.h">
      <Filter>头文件</Filter>
    </ClInclude>
    <ClInclude Include="..\..\core\Dialog.h">
      <Filter>头文件</Filter>
    </ClInclude>
    <ClInclude Include="..\..\core\MusicCarousel.h">
      <Filter>头文件</Filter>
    </ClInclude>
  </ItemGroup>
  <ItemGroup>
    <Library Include="..\..\core\LibsAndDlls\SDL3.lib" />
    <Library Include="..\..\core\LibsAndDlls\SDL3_image.lib" />
    <Library Include="..\..\core\LibsAndDlls\SDL3_ttf.lib" />
  </ItemGroup>
  <ItemGroup>
    <None Include="..\..\core\LibsAndDlls\SDL3.pdb" />
  </ItemGroup>
</Project>